// !$*UTF8*$!
{
	archiveVersion = 1;
	classes = {
	};
	objectVersion = 55;
	objects = {

/* Begin PBXBuildFile section */
		942A67A1767DCA1EB20BD1D3 /* Pods_ios_homework_documents.framework in Frameworks */ = {isa = PBXBuildFile; fileRef = F61230DE25FF62BE39BAE857 /* Pods_ios_homework_documents.framework */; };
		F33FB575282BE95500121342 /* PasswordViewController.swift in Sources */ = {isa = PBXBuildFile; fileRef = F33FB574282BE95500121342 /* PasswordViewController.swift */; };
		F33FB578282BFC7E00121342 /* KeyChain.swift in Sources */ = {isa = PBXBuildFile; fileRef = F33FB577282BFC7E00121342 /* KeyChain.swift */; };
		F344F22C2832297900F1C80D /* SettingsViewController.swift in Sources */ = {isa = PBXBuildFile; fileRef = F344F22B2832297900F1C80D /* SettingsViewController.swift */; };
		F344F22E283229C900F1C80D /* HomeViewController.swift in Sources */ = {isa = PBXBuildFile; fileRef = F344F22D283229C900F1C80D /* HomeViewController.swift */; };
		F344F239283239CA00F1C80D /* PasswordViewModel.swift in Sources */ = {isa = PBXBuildFile; fileRef = F344F238283239CA00F1C80D /* PasswordViewModel.swift */; };
		F394439D283B6A8500B1B44E /* CommonAlertError.swift in Sources */ = {isa = PBXBuildFile; fileRef = F394439C283B6A8500B1B44E /* CommonAlertError.swift */; };
		F3E2E89F281BA60800BB7BEB /* AppDelegate.swift in Sources */ = {isa = PBXBuildFile; fileRef = F3E2E89E281BA60800BB7BEB /* AppDelegate.swift */; };
		F3E2E8A1281BA60800BB7BEB /* SceneDelegate.swift in Sources */ = {isa = PBXBuildFile; fileRef = F3E2E8A0281BA60800BB7BEB /* SceneDelegate.swift */; };
		F3E2E8A8281BA60A00BB7BEB /* Assets.xcassets in Resources */ = {isa = PBXBuildFile; fileRef = F3E2E8A7281BA60A00BB7BEB /* Assets.xcassets */; };
		F3E2E8AB281BA60A00BB7BEB /* LaunchScreen.storyboard in Resources */ = {isa = PBXBuildFile; fileRef = F3E2E8A9281BA60A00BB7BEB /* LaunchScreen.storyboard */; };
		F3E2E8B3281BAA1E00BB7BEB /* DocumentListViewController.swift in Sources */ = {isa = PBXBuildFile; fileRef = F3E2E8B2281BAA1E00BB7BEB /* DocumentListViewController.swift */; };
		F3E2E8B6281BAA7E00BB7BEB /* DocumentListViewModel.swift in Sources */ = {isa = PBXBuildFile; fileRef = F3E2E8B5281BAA7E00BB7BEB /* DocumentListViewModel.swift */; };
		F3E2E8B8281BB1C600BB7BEB /* DocumentCollectionViewCell.swift in Sources */ = {isa = PBXBuildFile; fileRef = F3E2E8B7281BB1C600BB7BEB /* DocumentCollectionViewCell.swift */; };
/* End PBXBuildFile section */

/* Begin PBXFileReference section */
		2D5191E9F1E19977CF704133 /* Pods-ios-homework-documents.release.xcconfig */ = {isa = PBXFileReference; includeInIndex = 1; lastKnownFileType = text.xcconfig; name = "Pods-ios-homework-documents.release.xcconfig"; path = "Target Support Files/Pods-ios-homework-documents/Pods-ios-homework-documents.release.xcconfig"; sourceTree = "<group>"; };
		56B879BC7F7DB70B9F3E0256 /* Pods-ios-homework-documents.debug.xcconfig */ = {isa = PBXFileReference; includeInIndex = 1; lastKnownFileType = text.xcconfig; name = "Pods-ios-homework-documents.debug.xcconfig"; path = "Target Support Files/Pods-ios-homework-documents/Pods-ios-homework-documents.debug.xcconfig"; sourceTree = "<group>"; };
		F33FB574282BE95500121342 /* PasswordViewController.swift */ = {isa = PBXFileReference; lastKnownFileType = sourcecode.swift; path = PasswordViewController.swift; sourceTree = "<group>"; };
		F33FB577282BFC7E00121342 /* KeyChain.swift */ = {isa = PBXFileReference; lastKnownFileType = sourcecode.swift; path = KeyChain.swift; sourceTree = "<group>"; };
		F344F22B2832297900F1C80D /* SettingsViewController.swift */ = {isa = PBXFileReference; lastKnownFileType = sourcecode.swift; path = SettingsViewController.swift; sourceTree = "<group>"; };
		F344F22D283229C900F1C80D /* HomeViewController.swift */ = {isa = PBXFileReference; lastKnownFileType = sourcecode.swift; path = HomeViewController.swift; sourceTree = "<group>"; };
		F344F22F28322E5B00F1C80D /* ios-homework-documents.entitlements */ = {isa = PBXFileReference; lastKnownFileType = text.plist.entitlements; path = "ios-homework-documents.entitlements"; sourceTree = "<group>"; };
		F344F238283239CA00F1C80D /* PasswordViewModel.swift */ = {isa = PBXFileReference; lastKnownFileType = sourcecode.swift; path = PasswordViewModel.swift; sourceTree = "<group>"; };
		F394439C283B6A8500B1B44E /* CommonAlertError.swift */ = {isa = PBXFileReference; lastKnownFileType = sourcecode.swift; path = CommonAlertError.swift; sourceTree = "<group>"; };
		F3E2E89B281BA60800BB7BEB /* ios-homework-documents.app */ = {isa = PBXFileReference; explicitFileType = wrapper.application; includeInIndex = 0; path = "ios-homework-documents.app"; sourceTree = BUILT_PRODUCTS_DIR; };
		F3E2E89E281BA60800BB7BEB /* AppDelegate.swift */ = {isa = PBXFileReference; lastKnownFileType = sourcecode.swift; path = AppDelegate.swift; sourceTree = "<group>"; };
		F3E2E8A0281BA60800BB7BEB /* SceneDelegate.swift */ = {isa = PBXFileReference; lastKnownFileType = sourcecode.swift; path = SceneDelegate.swift; sourceTree = "<group>"; };
		F3E2E8A7281BA60A00BB7BEB /* Assets.xcassets */ = {isa = PBXFileReference; lastKnownFileType = folder.assetcatalog; path = Assets.xcassets; sourceTree = "<group>"; };
		F3E2E8AA281BA60A00BB7BEB /* Base */ = {isa = PBXFileReference; lastKnownFileType = file.storyboard; name = Base; path = Base.lproj/LaunchScreen.storyboard; sourceTree = "<group>"; };
		F3E2E8AC281BA60A00BB7BEB /* Info.plist */ = {isa = PBXFileReference; lastKnownFileType = text.plist.xml; path = Info.plist; sourceTree = "<group>"; };
		F3E2E8B2281BAA1E00BB7BEB /* DocumentListViewController.swift */ = {isa = PBXFileReference; lastKnownFileType = sourcecode.swift; path = DocumentListViewController.swift; sourceTree = "<group>"; };
		F3E2E8B5281BAA7E00BB7BEB /* DocumentListViewModel.swift */ = {isa = PBXFileReference; lastKnownFileType = sourcecode.swift; path = DocumentListViewModel.swift; sourceTree = "<group>"; };
		F3E2E8B7281BB1C600BB7BEB /* DocumentCollectionViewCell.swift */ = {isa = PBXFileReference; lastKnownFileType = sourcecode.swift; path = DocumentCollectionViewCell.swift; sourceTree = "<group>"; };
		F61230DE25FF62BE39BAE857 /* Pods_ios_homework_documents.framework */ = {isa = PBXFileReference; explicitFileType = wrapper.framework; includeInIndex = 0; path = Pods_ios_homework_documents.framework; sourceTree = BUILT_PRODUCTS_DIR; };
/* End PBXFileReference section */

/* Begin PBXFrameworksBuildPhase section */
		F3E2E898281BA60800BB7BEB /* Frameworks */ = {
			isa = PBXFrameworksBuildPhase;
			buildActionMask = 2147483647;
			files = (
				942A67A1767DCA1EB20BD1D3 /* Pods_ios_homework_documents.framework in Frameworks */,
			);
			runOnlyForDeploymentPostprocessing = 0;
		};
/* End PBXFrameworksBuildPhase section */

/* Begin PBXGroup section */
		5AADA3765CFD053B0CCEC00F /* Pods */ = {
			isa = PBXGroup;
			children = (
				56B879BC7F7DB70B9F3E0256 /* Pods-ios-homework-documents.debug.xcconfig */,
				2D5191E9F1E19977CF704133 /* Pods-ios-homework-documents.release.xcconfig */,
			);
			path = Pods;
			sourceTree = "<group>";
		};
		A1A956D8930A27884C70E9A3 /* Frameworks */ = {
			isa = PBXGroup;
			children = (
				F61230DE25FF62BE39BAE857 /* Pods_ios_homework_documents.framework */,
			);
			name = Frameworks;
			sourceTree = "<group>";
		};
		F33FB571282BE8DD00121342 /* Password */ = {
			isa = PBXGroup;
			children = (
				F33FB574282BE95500121342 /* PasswordViewController.swift */,
				F344F238283239CA00F1C80D /* PasswordViewModel.swift */,
			);
			path = Password;
			sourceTree = "<group>";
		};
		F33FB572282BE91B00121342 /* Modules */ = {
			isa = PBXGroup;
			children = (
				F344F22A2832295000F1C80D /* Settings */,
				F344F2292832294700F1C80D /* Home */,
				F3E2E8B4281BAA5900BB7BEB /* DocumentList */,
				F33FB571282BE8DD00121342 /* Password */,
			);
			path = Modules;
			sourceTree = "<group>";
		};
		F33FB573282BE92C00121342 /* App */ = {
			isa = PBXGroup;
			children = (
				F3E2E89E281BA60800BB7BEB /* AppDelegate.swift */,
				F3E2E8A0281BA60800BB7BEB /* SceneDelegate.swift */,
			);
			path = App;
			sourceTree = "<group>";
		};
		F33FB576282BFC5700121342 /* Services */ = {
			isa = PBXGroup;
			children = (
				F33FB577282BFC7E00121342 /* KeyChain.swift */,
			);
			path = Services;
			sourceTree = "<group>";
		};
		F344F2292832294700F1C80D /* Home */ = {
			isa = PBXGroup;
			children = (
				F344F22D283229C900F1C80D /* HomeViewController.swift */,
			);
			path = Home;
			sourceTree = "<group>";
		};
		F344F22A2832295000F1C80D /* Settings */ = {
			isa = PBXGroup;
			children = (
				F344F22B2832297900F1C80D /* SettingsViewController.swift */,
			);
			path = Settings;
			sourceTree = "<group>";
		};
		F394439B283B6A4600B1B44E /* Common */ = {
			isa = PBXGroup;
			children = (
				F394439C283B6A8500B1B44E /* CommonAlertError.swift */,
			);
			path = Common;
			sourceTree = "<group>";
		};
		F3E2E892281BA60800BB7BEB = {
			isa = PBXGroup;
			children = (
				F3E2E89D281BA60800BB7BEB /* ios-homework-documents */,
				F3E2E89C281BA60800BB7BEB /* Products */,
				5AADA3765CFD053B0CCEC00F /* Pods */,
				A1A956D8930A27884C70E9A3 /* Frameworks */,
			);
			sourceTree = "<group>";
		};
		F3E2E89C281BA60800BB7BEB /* Products */ = {
			isa = PBXGroup;
			children = (
				F3E2E89B281BA60800BB7BEB /* ios-homework-documents.app */,
			);
			name = Products;
			sourceTree = "<group>";
		};
		F3E2E89D281BA60800BB7BEB /* ios-homework-documents */ = {
			isa = PBXGroup;
			children = (
				F394439B283B6A4600B1B44E /* Common */,
				F344F22F28322E5B00F1C80D /* ios-homework-documents.entitlements */,
				F33FB576282BFC5700121342 /* Services */,
				F33FB573282BE92C00121342 /* App */,
				F33FB572282BE91B00121342 /* Modules */,
				F3E2E8A7281BA60A00BB7BEB /* Assets.xcassets */,
				F3E2E8A9281BA60A00BB7BEB /* LaunchScreen.storyboard */,
				F3E2E8AC281BA60A00BB7BEB /* Info.plist */,
			);
			path = "ios-homework-documents";
			sourceTree = "<group>";
		};
		F3E2E8B4281BAA5900BB7BEB /* DocumentList */ = {
			isa = PBXGroup;
			children = (
				F3E2E8B2281BAA1E00BB7BEB /* DocumentListViewController.swift */,
				F3E2E8B5281BAA7E00BB7BEB /* DocumentListViewModel.swift */,
				F3E2E8B7281BB1C600BB7BEB /* DocumentCollectionViewCell.swift */,
			);
			path = DocumentList;
			sourceTree = "<group>";
		};
/* End PBXGroup section */

/* Begin PBXNativeTarget section */
		F3E2E89A281BA60800BB7BEB /* ios-homework-documents */ = {
			isa = PBXNativeTarget;
			buildConfigurationList = F3E2E8AF281BA60A00BB7BEB /* Build configuration list for PBXNativeTarget "ios-homework-documents" */;
			buildPhases = (
				1CD2CBC3BAE6F6C038711E78 /* [CP] Check Pods Manifest.lock */,
				F3E2E897281BA60800BB7BEB /* Sources */,
				F3E2E898281BA60800BB7BEB /* Frameworks */,
				F3E2E899281BA60800BB7BEB /* Resources */,
				F210024E0DB65E07DD5C3FC8 /* [CP] Embed Pods Frameworks */,
			);
			buildRules = (
			);
			dependencies = (
			);
			name = "ios-homework-documents";
			packageProductDependencies = (
			);
			productName = "ios-homework-documents";
			productReference = F3E2E89B281BA60800BB7BEB /* ios-homework-documents.app */;
			productType = "com.apple.product-type.application";
		};
/* End PBXNativeTarget section */

/* Begin PBXProject section */
		F3E2E893281BA60800BB7BEB /* Project object */ = {
			isa = PBXProject;
			attributes = {
				BuildIndependentTargetsInParallel = 1;
				LastSwiftUpdateCheck = 1330;
				LastUpgradeCheck = 1330;
				TargetAttributes = {
					F3E2E89A281BA60800BB7BEB = {
						CreatedOnToolsVersion = 13.3.1;
					};
				};
			};
			buildConfigurationList = F3E2E896281BA60800BB7BEB /* Build configuration list for PBXProject "ios-homework-documents" */;
			compatibilityVersion = "Xcode 13.0";
			developmentRegion = en;
			hasScannedForEncodings = 0;
			knownRegions = (
				en,
				Base,
			);
			mainGroup = F3E2E892281BA60800BB7BEB;
			packageReferences = (
			);
			productRefGroup = F3E2E89C281BA60800BB7BEB /* Products */;
			projectDirPath = "";
			projectRoot = "";
			targets = (
				F3E2E89A281BA60800BB7BEB /* ios-homework-documents */,
			);
		};
/* End PBXProject section */

/* Begin PBXResourcesBuildPhase section */
		F3E2E899281BA60800BB7BEB /* Resources */ = {
			isa = PBXResourcesBuildPhase;
			buildActionMask = 2147483647;
			files = (
				F3E2E8AB281BA60A00BB7BEB /* LaunchScreen.storyboard in Resources */,
				F3E2E8A8281BA60A00BB7BEB /* Assets.xcassets in Resources */,
			);
			runOnlyForDeploymentPostprocessing = 0;
		};
/* End PBXResourcesBuildPhase section */

/* Begin PBXShellScriptBuildPhase section */
		1CD2CBC3BAE6F6C038711E78 /* [CP] Check Pods Manifest.lock */ = {
			isa = PBXShellScriptBuildPhase;
			buildActionMask = 2147483647;
			files = (
			);
			inputFileListPaths = (
			);
			inputPaths = (
				"${PODS_PODFILE_DIR_PATH}/Podfile.lock",
				"${PODS_ROOT}/Manifest.lock",
			);
			name = "[CP] Check Pods Manifest.lock";
			outputFileListPaths = (
			);
			outputPaths = (
				"$(DERIVED_FILE_DIR)/Pods-ios-homework-documents-checkManifestLockResult.txt",
			);
			runOnlyForDeploymentPostprocessing = 0;
			shellPath = /bin/sh;
			shellScript = "diff \"${PODS_PODFILE_DIR_PATH}/Podfile.lock\" \"${PODS_ROOT}/Manifest.lock\" > /dev/null\nif [ $? != 0 ] ; then\n    # print error to STDERR\n    echo \"error: The sandbox is not in sync with the Podfile.lock. Run 'pod install' or update your CocoaPods installation.\" >&2\n    exit 1\nfi\n# This output is used by Xcode 'outputs' to avoid re-running this script phase.\necho \"SUCCESS\" > \"${SCRIPT_OUTPUT_FILE_0}\"\n";
			showEnvVarsInLog = 0;
		};
		F210024E0DB65E07DD5C3FC8 /* [CP] Embed Pods Frameworks */ = {
			isa = PBXShellScriptBuildPhase;
			buildActionMask = 2147483647;
			files = (
			);
			inputFileListPaths = (
				"${PODS_ROOT}/Target Support Files/Pods-ios-homework-documents/Pods-ios-homework-documents-frameworks-${CONFIGURATION}-input-files.xcfilelist",
			);
			name = "[CP] Embed Pods Frameworks";
			outputFileListPaths = (
				"${PODS_ROOT}/Target Support Files/Pods-ios-homework-documents/Pods-ios-homework-documents-frameworks-${CONFIGURATION}-output-files.xcfilelist",
			);
			runOnlyForDeploymentPostprocessing = 0;
			shellPath = /bin/sh;
			shellScript = "\"${PODS_ROOT}/Target Support Files/Pods-ios-homework-documents/Pods-ios-homework-documents-frameworks.sh\"\n";
			showEnvVarsInLog = 0;
		};
/* End PBXShellScriptBuildPhase section */

/* Begin PBXSourcesBuildPhase section */
		F3E2E897281BA60800BB7BEB /* Sources */ = {
			isa = PBXSourcesBuildPhase;
			buildActionMask = 2147483647;
			files = (
				F3E2E8B3281BAA1E00BB7BEB /* DocumentListViewController.swift in Sources */,
				F3E2E8B6281BAA7E00BB7BEB /* DocumentListViewModel.swift in Sources */,
				F3E2E8B8281BB1C600BB7BEB /* DocumentCollectionViewCell.swift in Sources */,
				F3E2E89F281BA60800BB7BEB /* AppDelegate.swift in Sources */,
				F394439D283B6A8500B1B44E /* CommonAlertError.swift in Sources */,
				F3E2E8A1281BA60800BB7BEB /* SceneDelegate.swift in Sources */,
				F344F22E283229C900F1C80D /* HomeViewController.swift in Sources */,
				F33FB578282BFC7E00121342 /* KeyChain.swift in Sources */,
				F33FB575282BE95500121342 /* PasswordViewController.swift in Sources */,
				F344F22C2832297900F1C80D /* SettingsViewController.swift in Sources */,
				F344F239283239CA00F1C80D /* PasswordViewModel.swift in Sources */,
			);
			runOnlyForDeploymentPostprocessing = 0;
		};
/* End PBXSourcesBuildPhase section */

/* Begin PBXVariantGroup section */
		F3E2E8A9281BA60A00BB7BEB /* LaunchScreen.storyboard */ = {
			isa = PBXVariantGroup;
			children = (
				F3E2E8AA281BA60A00BB7BEB /* Base */,
			);
			name = LaunchScreen.storyboard;
			sourceTree = "<group>";
		};
/* End PBXVariantGroup section */

/* Begin XCBuildConfiguration section */
		F3E2E8AD281BA60A00BB7BEB /* Debug */ = {
			isa = XCBuildConfiguration;
			buildSettings = {
				ALWAYS_SEARCH_USER_PATHS = NO;
				CLANG_ANALYZER_NONNULL = YES;
				CLANG_ANALYZER_NUMBER_OBJECT_CONVERSION = YES_AGGRESSIVE;
				CLANG_CXX_LANGUAGE_STANDARD = "gnu++17";
				CLANG_ENABLE_MODULES = YES;
				CLANG_ENABLE_OBJC_ARC = YES;
				CLANG_ENABLE_OBJC_WEAK = YES;
				CLANG_WARN_BLOCK_CAPTURE_AUTORELEASING = YES;
				CLANG_WARN_BOOL_CONVERSION = YES;
				CLANG_WARN_COMMA = YES;
				CLANG_WARN_CONSTANT_CONVERSION = YES;
				CLANG_WARN_DEPRECATED_OBJC_IMPLEMENTATIONS = YES;
				CLANG_WARN_DIRECT_OBJC_ISA_USAGE = YES_ERROR;
				CLANG_WARN_DOCUMENTATION_COMMENTS = YES;
				CLANG_WARN_EMPTY_BODY = YES;
				CLANG_WARN_ENUM_CONVERSION = YES;
				CLANG_WARN_INFINITE_RECURSION = YES;
				CLANG_WARN_INT_CONVERSION = YES;
				CLANG_WARN_NON_LITERAL_NULL_CONVERSION = YES;
				CLANG_WARN_OBJC_IMPLICIT_RETAIN_SELF = YES;
				CLANG_WARN_OBJC_LITERAL_CONVERSION = YES;
				CLANG_WARN_OBJC_ROOT_CLASS = YES_ERROR;
				CLANG_WARN_QUOTED_INCLUDE_IN_FRAMEWORK_HEADER = YES;
				CLANG_WARN_RANGE_LOOP_ANALYSIS = YES;
				CLANG_WARN_STRICT_PROTOTYPES = YES;
				CLANG_WARN_SUSPICIOUS_MOVE = YES;
				CLANG_WARN_UNGUARDED_AVAILABILITY = YES_AGGRESSIVE;
				CLANG_WARN_UNREACHABLE_CODE = YES;
				CLANG_WARN__DUPLICATE_METHOD_MATCH = YES;
				COPY_PHASE_STRIP = NO;
				DEBUG_INFORMATION_FORMAT = dwarf;
				ENABLE_STRICT_OBJC_MSGSEND = YES;
				ENABLE_TESTABILITY = YES;
				GCC_C_LANGUAGE_STANDARD = gnu11;
				GCC_DYNAMIC_NO_PIC = NO;
				GCC_NO_COMMON_BLOCKS = YES;
				GCC_OPTIMIZATION_LEVEL = 0;
				GCC_PREPROCESSOR_DEFINITIONS = (
					"DEBUG=1",
					"$(inherited)",
				);
				GCC_WARN_64_TO_32_BIT_CONVERSION = YES;
				GCC_WARN_ABOUT_RETURN_TYPE = YES_ERROR;
				GCC_WARN_UNDECLARED_SELECTOR = YES;
				GCC_WARN_UNINITIALIZED_AUTOS = YES_AGGRESSIVE;
				GCC_WARN_UNUSED_FUNCTION = YES;
				GCC_WARN_UNUSED_VARIABLE = YES;
				IPHONEOS_DEPLOYMENT_TARGET = 15.4;
				MTL_ENABLE_DEBUG_INFO = INCLUDE_SOURCE;
				MTL_FAST_MATH = YES;
				ONLY_ACTIVE_ARCH = YES;
				SDKROOT = iphoneos;
				SWIFT_ACTIVE_COMPILATION_CONDITIONS = DEBUG;
				SWIFT_OPTIMIZATION_LEVEL = "-Onone";
			};
			name = Debug;
		};
		F3E2E8AE281BA60A00BB7BEB /* Release */ = {
			isa = XCBuildConfiguration;
			buildSettings = {
				ALWAYS_SEARCH_USER_PATHS = NO;
				CLANG_ANALYZER_NONNULL = YES;
				CLANG_ANALYZER_NUMBER_OBJECT_CONVERSION = YES_AGGRESSIVE;
				CLANG_CXX_LANGUAGE_STANDARD = "gnu++17";
				CLANG_ENABLE_MODULES = YES;
				CLANG_ENABLE_OBJC_ARC = YES;
				CLANG_ENABLE_OBJC_WEAK = YES;
				CLANG_WARN_BLOCK_CAPTURE_AUTORELEASING = YES;
				CLANG_WARN_BOOL_CONVERSION = YES;
				CLANG_WARN_COMMA = YES;
				CLANG_WARN_CONSTANT_CONVERSION = YES;
				CLANG_WARN_DEPRECATED_OBJC_IMPLEMENTATIONS = YES;
				CLANG_WARN_DIRECT_OBJC_ISA_USAGE = YES_ERROR;
				CLANG_WARN_DOCUMENTATION_COMMENTS = YES;
				CLANG_WARN_EMPTY_BODY = YES;
				CLANG_WARN_ENUM_CONVERSION = YES;
				CLANG_WARN_INFINITE_RECURSION = YES;
				CLANG_WARN_INT_CONVERSION = YES;
				CLANG_WARN_NON_LITERAL_NULL_CONVERSION = YES;
				CLANG_WARN_OBJC_IMPLICIT_RETAIN_SELF = YES;
				CLANG_WARN_OBJC_LITERAL_CONVERSION = YES;
				CLANG_WARN_OBJC_ROOT_CLASS = YES_ERROR;
				CLANG_WARN_QUOTED_INCLUDE_IN_FRAMEWORK_HEADER = YES;
				CLANG_WARN_RANGE_LOOP_ANALYSIS = YES;
				CLANG_WARN_STRICT_PROTOTYPES = YES;
				CLANG_WARN_SUSPICIOUS_MOVE = YES;
				CLANG_WARN_UNGUARDED_AVAILABILITY = YES_AGGRESSIVE;
				CLANG_WARN_UNREACHABLE_CODE = YES;
				CLANG_WARN__DUPLICATE_METHOD_MATCH = YES;
				COPY_PHASE_STRIP = NO;
				DEBUG_INFORMATION_FORMAT = "dwarf-with-dsym";
				ENABLE_NS_ASSERTIONS = NO;
				ENABLE_STRICT_OBJC_MSGSEND = YES;
				GCC_C_LANGUAGE_STANDARD = gnu11;
				GCC_NO_COMMON_BLOCKS = YES;
				GCC_WARN_64_TO_32_BIT_CONVERSION = YES;
				GCC_WARN_ABOUT_RETURN_TYPE = YES_ERROR;
				GCC_WARN_UNDECLARED_SELECTOR = YES;
				GCC_WARN_UNINITIALIZED_AUTOS = YES_AGGRESSIVE;
				GCC_WARN_UNUSED_FUNCTION = YES;
				GCC_WARN_UNUSED_VARIABLE = YES;
				IPHONEOS_DEPLOYMENT_TARGET = 15.4;
				MTL_ENABLE_DEBUG_INFO = NO;
				MTL_FAST_MATH = YES;
				SDKROOT = iphoneos;
				SWIFT_COMPILATION_MODE = wholemodule;
				SWIFT_OPTIMIZATION_LEVEL = "-O";
				VALIDATE_PRODUCT = YES;
			};
			name = Release;
		};
		F3E2E8B0281BA60A00BB7BEB /* Debug */ = {
			isa = XCBuildConfiguration;
			baseConfigurationReference = 56B879BC7F7DB70B9F3E0256 /* Pods-ios-homework-documents.debug.xcconfig */;
			buildSettings = {
				ASSETCATALOG_COMPILER_APPICON_NAME = AppIcon;
				ASSETCATALOG_COMPILER_GLOBAL_ACCENT_COLOR_NAME = AccentColor;
				CODE_SIGN_ENTITLEMENTS = "ios-homework-documents/ios-homework-documents.entitlements";
				CODE_SIGN_STYLE = Automatic;
				CURRENT_PROJECT_VERSION = 1;
				DEVELOPMENT_TEAM = PS835QR9S2;
				GENERATE_INFOPLIST_FILE = YES;
				INFOPLIST_FILE = "ios-homework-documents/Info.plist";
				INFOPLIST_KEY_UIApplicationSupportsIndirectInputEvents = YES;
				INFOPLIST_KEY_UILaunchStoryboardName = LaunchScreen;
				INFOPLIST_KEY_UISupportedInterfaceOrientations_iPad = "UIInterfaceOrientationPortrait UIInterfaceOrientationPortraitUpsideDown UIInterfaceOrientationLandscapeLeft UIInterfaceOrientationLandscapeRight";
				INFOPLIST_KEY_UISupportedInterfaceOrientations_iPhone = "UIInterfaceOrientationPortrait UIInterfaceOrientationLandscapeLeft UIInterfaceOrientationLandscapeRight";
				LD_RUNPATH_SEARCH_PATHS = (
					"$(inherited)",
					"@executable_path/Frameworks",
				);
				MARKETING_VERSION = 1.0;
				PRODUCT_BUNDLE_IDENTIFIER = "com.aagataev.ios-homework-documents";
				PRODUCT_NAME = "$(TARGET_NAME)";
				SWIFT_EMIT_LOC_STRINGS = YES;
				SWIFT_VERSION = 5.0;
				TARGETED_DEVICE_FAMILY = "1,2";
			};
			name = Debug;
		};
		F3E2E8B1281BA60A00BB7BEB /* Release */ = {
			isa = XCBuildConfiguration;
			baseConfigurationReference = 2D5191E9F1E19977CF704133 /* Pods-ios-homework-documents.release.xcconfig */;
			buildSettings = {
				ASSETCATALOG_COMPILER_APPICON_NAME = AppIcon;
				ASSETCATALOG_COMPILER_GLOBAL_ACCENT_COLOR_NAME = AccentColor;
				CODE_SIGN_ENTITLEMENTS = "ios-homework-documents/ios-homework-documents.entitlements";
				CODE_SIGN_STYLE = Automatic;
				CURRENT_PROJECT_VERSION = 1;
				DEVELOPMENT_TEAM = PS835QR9S2;
				GENERATE_INFOPLIST_FILE = YES;
				INFOPLIST_FILE = "ios-homework-documents/Info.plist";
				INFOPLIST_KEY_UIApplicationSupportsIndirectInputEvents = YES;
				INFOPLIST_KEY_UILaunchStoryboardName = LaunchScreen;
				INFOPLIST_KEY_UISupportedInterfaceOrientations_iPad = "UIInterfaceOrientationPortrait UIInterfaceOrientationPortraitUpsideDown UIInterfaceOrientationLandscapeLeft UIInterfaceOrientationLandscapeRight";
				INFOPLIST_KEY_UISupportedInterfaceOrientations_iPhone = "UIInterfaceOrientationPortrait UIInterfaceOrientationLandscapeLeft UIInterfaceOrientationLandscapeRight";
				LD_RUNPATH_SEARCH_PATHS = (
					"$(inherited)",
					"@executable_path/Frameworks",
				);
				MARKETING_VERSION = 1.0;
				PRODUCT_BUNDLE_IDENTIFIER = "com.aagataev.ios-homework-documents";
				PRODUCT_NAME = "$(TARGET_NAME)";
				SWIFT_EMIT_LOC_STRINGS = YES;
				SWIFT_VERSION = 5.0;
				TARGETED_DEVICE_FAMILY = "1,2";
			};
			name = Release;
		};
/* End XCBuildConfiguration section */

/* Begin XCConfigurationList section */
		F3E2E896281BA60800BB7BEB /* Build configuration list for PBXProject "ios-homework-documents" */ = {
			isa = XCConfigurationList;
			buildConfigurations = (
				F3E2E8AD281BA60A00BB7BEB /* Debug */,
				F3E2E8AE281BA60A00BB7BEB /* Release */,
			);
			defaultConfigurationIsVisible = 0;
			defaultConfigurationName = Release;
		};
		F3E2E8AF281BA60A00BB7BEB /* Build configuration list for PBXNativeTarget "ios-homework-documents" */ = {
			isa = XCConfigurationList;
			buildConfigurations = (
				F3E2E8B0281BA60A00BB7BEB /* Debug */,
				F3E2E8B1281BA60A00BB7BEB /* Release */,
			);
			defaultConfigurationIsVisible = 0;
			defaultConfigurationName = Release;
		};
/* End XCConfigurationList section */
	};
	rootObject = F3E2E893281BA60800BB7BEB /* Project object */;
}
